
Microsoft Visual Studio Solution File, Format Version 12.00
# Visual Studio 15
Project("{FAE04EC0-301F-11D3-BF4B-00C04F79EFBC}") = "SamuraiApp.Data", "SamuraiApp.Data\SamuraiApp.Data.csproj", "{9BDABB4E-DE8B-464C-811C-41FDEE954608}"
EndProject
Project("{FAE04EC0-301F-11D3-BF4B-00C04F79EFBC}") = "SamuraiApp.Domain", "SamuraiApp.Domain\SamuraiApp.Domain.csproj", "{0186EB28-C4E8-4CE9-8A09-5D48EC03DD65}"
EndProject
Global
	GlobalSection(SolutionConfigurationPlatforms) = preSolution
		Debug|Any CPU = Debug|Any CPU
		Release|Any CPU = Release|Any CPU
	EndGlobalSection
	GlobalSection(ProjectConfigurationPlatforms) = postSolution
		{9BDABB4E-DE8B-464C-811C-41FDEE954608}.Debug|Any CPU.ActiveCfg = Debug|Any CPU
		{9BDABB4E-DE8B-464C-811C-41FDEE954608}.Debug|Any CPU.Build.0 = Debug|Any CPU
		{9BDABB4E-DE8B-464C-811C-41FDEE954608}.Release|Any CPU.ActiveCfg = Release|Any CPU
		{9BDABB4E-DE8B-464C-811C-41FDEE954608}.Release|Any CPU.Build.0 = Release|Any CPU
		{0186EB28-C4E8-4CE9-8A09-5D48EC03DD65}.Debug|Any CPU.ActiveCfg = Debug|Any CPU
		{0186EB28-C4E8-4CE9-8A09-5D48EC03DD65}.Debug|Any CPU.Build.0 = Debug|Any CPU
		{0186EB28-C4E8-4CE9-8A09-5D48EC03DD65}.Release|Any CPU.ActiveCfg = Release|Any CPU
		{0186EB28-C4E8-4CE9-8A09-5D48EC03DD65}.Release|Any CPU.Build.0 = Release|Any CPU
	EndGlobalSection
EndGlobal
